
Microsoft Visual Studio Solution File, Format Version 12.00
# Visual Studio Version 16
VisualStudioVersion = 16.0.28729.10
MinimumVisualStudioVersion = 10.0.40219.1
Project("{888888A0-9F3D-457C-B088-3A5042F75D52}") = "MarketSpider", "MarketSpider.pyproj", "{E24DE8B7-5331-4BE8-9995-1F53D3F21BC8}"
EndProject
Global
	GlobalSection(SolutionConfigurationPlatforms) = preSolution
		Debug|Any CPU = Debug|Any CPU
		Release|Any CPU = Release|Any CPU
	EndGlobalSection
	GlobalSection(ProjectConfigurationPlatforms) = postSolution
		{E24DE8B7-5331-4BE8-9995-1F53D3F21BC8}.Debug|Any CPU.ActiveCfg = Debug|Any CPU
		{E24DE8B7-5331-4BE8-9995-1F53D3F21BC8}.Release|Any CPU.ActiveCfg = Release|Any CPU
	EndGlobalSection
	GlobalSection(SolutionProperties) = preSolution
		HideSolutionNode = FALSE
	EndGlobalSection
	GlobalSection(ExtensibilityGlobals) = postSolution
		SolutionGuid = {9E1C510D-03C3-4B2B-B2AE-A00DAA615AEC}
	EndGlobalSection
EndGlobal
